// !$*UTF8*$!
{
	archiveVersion = 1;
	classes = {
	};
	objectVersion = 46;
	objects = {

/* Begin PBXFileReference section */
		38527B6919DB02E400D895ED /* Resource.swift */ = {isa = PBXFileReference; lastKnownFileType = sourcecode.swift; path = Resource.swift; sourceTree = "<group>"; };
/* End PBXFileReference section */

/* Begin PBXGroup section */
		38527B6219DB02D200D895ED = {
			isa = PBXGroup;
			children = (
				38527B6919DB02E400D895ED /* Resource.swift */,
			);
			sourceTree = "<group>";
		};
/* End PBXGroup section */

/* Begin PBXProject section */
		38527B6319DB02D200D895ED /* Project object */ = {
			isa = PBXProject;
			attributes = {
				LastUpgradeCheck = 0600;
			};
			buildConfigurationList = 38527B6619DB02D200D895ED /* Build configuration list for PBXProject "Resource" */;
			compatibilityVersion = "Xcode 3.2";
			developmentRegion = English;
			hasScannedForEncodings = 0;
			knownRegions = (
				en,
			);
			mainGroup = 38527B6219DB02D200D895ED;
			projectDirPath = "";
			projectRoot = "";
			targets = (
			);
		};
/* End PBXProject section */

/* Begin XCBuildConfiguration section */
		38527B6719DB02D200D895ED /* Debug */ = {
			isa = XCBuildConfiguration;
			buildSettings = {
			};
			name = Debug;
		};
		38527B6819DB02D200D895ED /* Release */ = {
			isa = XCBuildConfiguration;
			buildSettings = {
			};
			name = Release;
		};
/* End XCBuildConfiguration section */

/* Begin XCConfigurationList section */
		38527B6619DB02D200D895ED /* Build configuration list for PBXProject "Resource" */ = {
			isa = XCConfigurationList;
			buildConfigurations = (
				38527B6719DB02D200D895ED /* Debug */,
				38527B6819DB02D200D895ED /* Release */,
			);
			defaultConfigurationIsVisible = 0;
			defaultConfigurationName = Release;
		};
/* End XCConfigurationList section */
	};
	rootObject = 38527B6319DB02D200D895ED /* Project object */;
}
